
Microsoft Visual Studio Solution File, Format Version 12.00
# Visual Studio 14
VisualStudioVersion = 14.0.24720.0
MinimumVisualStudioVersion = 10.0.40219.1
Project("{FAE04EC0-301F-11D3-BF4B-00C04F79EFBC}") = "ViSiGenie4DSystems.Async", "ViSiGenie4DSystems.Async\ViSiGenie4DSystems.Async.csproj", "{8D15194B-494F-486A-96DA-3B25EB0945E4}"
EndProject
Project("{2150E333-8FDC-42A3-9474-1A3956D46DE8}") = "Solution Items", "Solution Items", "{3D799BCB-0183-4125-B2B9-C653731EC347}"
	ProjectSection(SolutionItems) = preProject
		.gitignore = .gitignore
		License.txt = License.txt
		README.md = README.md
	EndProjectSection
EndProject
Global
	GlobalSection(SolutionConfigurationPlatforms) = preSolution
		Debug|Any CPU = Debug|Any CPU
		Debug|ARM = Debug|ARM
		Debug|x64 = Debug|x64
		Debug|x86 = Debug|x86
		Release|Any CPU = Release|Any CPU
		Release|ARM = Release|ARM
		Release|x64 = Release|x64
		Release|x86 = Release|x86
	EndGlobalSection
	GlobalSection(ProjectConfigurationPlatforms) = postSolution
		{8D15194B-494F-486A-96DA-3B25EB0945E4}.Debug|Any CPU.ActiveCfg = Debug|Any CPU
		{8D15194B-494F-486A-96DA-3B25EB0945E4}.Debug|Any CPU.Build.0 = Debug|Any CPU
		{8D15194B-494F-486A-96DA-3B25EB0945E4}.Debug|ARM.ActiveCfg = Debug|ARM
		{8D15194B-494F-486A-96DA-3B25EB0945E4}.Debug|ARM.Build.0 = Debug|ARM
		{8D15194B-494F-486A-96DA-3B25EB0945E4}.Debug|x64.ActiveCfg = Debug|x64
		{8D15194B-494F-486A-96DA-3B25EB0945E4}.Debug|x64.Build.0 = Debug|x64
		{8D15194B-494F-486A-96DA-3B25EB0945E4}.Debug|x86.ActiveCfg = Debug|x86
		{8D15194B-494F-486A-96DA-3B25EB0945E4}.Debug|x86.Build.0 = Debug|x86
		{8D15194B-494F-486A-96DA-3B25EB0945E4}.Release|Any CPU.ActiveCfg = Release|Any CPU
		{8D15194B-494F-486A-96DA-3B25EB0945E4}.Release|Any CPU.Build.0 = Release|Any CPU
		{8D15194B-494F-486A-96DA-3B25EB0945E4}.Release|ARM.ActiveCfg = Release|ARM
		{8D15194B-494F-486A-96DA-3B25EB0945E4}.Release|ARM.Build.0 = Release|ARM
		{8D15194B-494F-486A-96DA-3B25EB0945E4}.Release|x64.ActiveCfg = Release|x64
		{8D15194B-494F-486A-96DA-3B25EB0945E4}.Release|x64.Build.0 = Release|x64
		{8D15194B-494F-486A-96DA-3B25EB0945E4}.Release|x86.ActiveCfg = Release|x86
		{8D15194B-494F-486A-96DA-3B25EB0945E4}.Release|x86.Build.0 = Release|x86
	EndGlobalSection
	GlobalSection(SolutionProperties) = preSolution
		HideSolutionNode = FALSE
	EndGlobalSection
EndGlobal
